
Microsoft Visual Studio Solution File, Format Version 12.00
# Visual Studio Version 17
VisualStudioVersion = 17.0.31903.59
MinimumVisualStudioVersion = 10.0.40219.1
Project("{9A19103F-16F7-4668-BE54-9A1E7A4F7556}") = "ChatRoom", "ChatRoom.csproj", "{15D2D4A6-8967-464C-868D-4C1BB0F11C4F}"
EndProject
Global
	GlobalSection(SolutionConfigurationPlatforms) = preSolution
		Debug|Any CPU = Debug|Any CPU
		Release|Any CPU = Release|Any CPU
	EndGlobalSection
	GlobalSection(ProjectConfigurationPlatforms) = postSolution
		{15D2D4A6-8967-464C-868D-4C1BB0F11C4F}.Debug|Any CPU.ActiveCfg = Debug|Any CPU
		{15D2D4A6-8967-464C-868D-4C1BB0F11C4F}.Debug|Any CPU.Build.0 = Debug|Any CPU
		{15D2D4A6-8967-464C-868D-4C1BB0F11C4F}.Release|Any CPU.ActiveCfg = Release|Any CPU
		{15D2D4A6-8967-464C-868D-4C1BB0F11C4F}.Release|Any CPU.Build.0 = Release|Any CPU
	EndGlobalSection
	GlobalSection(SolutionProperties) = preSolution
		HideSolutionNode = FALSE
	EndGlobalSection
	GlobalSection(ExtensibilityGlobals) = postSolution
		SolutionGuid = {BCD18E6D-B1EE-47AF-A221-2B115F1AEB43}
	EndGlobalSection
EndGlobal
